
Microsoft Visual Studio Solution File, Format Version 12.00
# Visual Studio Version 17
VisualStudioVersion = 17.0.32014.148
MinimumVisualStudioVersion = 10.0.40219.1
Project("{FAE04EC0-301F-11D3-BF4B-00C04F79EFBC}") = "EnumsToJson", "EnumsToJson\EnumsToJson.csproj", "{DE00EEE9-F966-4EA0-A1A5-C14461B20069}"
EndProject
Global
	GlobalSection(SolutionConfigurationPlatforms) = preSolution
		Debug|Any CPU = Debug|Any CPU
		Release|Any CPU = Release|Any CPU
	EndGlobalSection
	GlobalSection(ProjectConfigurationPlatforms) = postSolution
		{DE00EEE9-F966-4EA0-A1A5-C14461B20069}.Debug|Any CPU.ActiveCfg = Debug|Any CPU
		{DE00EEE9-F966-4EA0-A1A5-C14461B20069}.Debug|Any CPU.Build.0 = Debug|Any CPU
		{DE00EEE9-F966-4EA0-A1A5-C14461B20069}.Release|Any CPU.ActiveCfg = Release|Any CPU
		{DE00EEE9-F966-4EA0-A1A5-C14461B20069}.Release|Any CPU.Build.0 = Release|Any CPU
	EndGlobalSection
	GlobalSection(SolutionProperties) = preSolution
		HideSolutionNode = FALSE
	EndGlobalSection
	GlobalSection(ExtensibilityGlobals) = postSolution
		SolutionGuid = {460E34B9-376F-4041-BBDB-E085FB3BA8EB}
	EndGlobalSection
EndGlobal
